
Microsoft Visual Studio Solution File, Format Version 12.00
# Visual Studio Version 16
VisualStudioVersion = 16.0.29613.14
MinimumVisualStudioVersion = 10.0.40219.1
Project("{FAE04EC0-301F-11D3-BF4B-00C04F79EFBC}") = "cursoCsharp", "cursoCsharp\cursoCsharp.csproj", "{DAF68724-E890-481F-8F99-5BE4C58B55E5}"
EndProject
Global
	GlobalSection(SolutionConfigurationPlatforms) = preSolution
		Debug|Any CPU = Debug|Any CPU
		Release|Any CPU = Release|Any CPU
	EndGlobalSection
	GlobalSection(ProjectConfigurationPlatforms) = postSolution
		{DAF68724-E890-481F-8F99-5BE4C58B55E5}.Debug|Any CPU.ActiveCfg = Debug|Any CPU
		{DAF68724-E890-481F-8F99-5BE4C58B55E5}.Debug|Any CPU.Build.0 = Debug|Any CPU
		{DAF68724-E890-481F-8F99-5BE4C58B55E5}.Release|Any CPU.ActiveCfg = Release|Any CPU
		{DAF68724-E890-481F-8F99-5BE4C58B55E5}.Release|Any CPU.Build.0 = Release|Any CPU
	EndGlobalSection
	GlobalSection(SolutionProperties) = preSolution
		HideSolutionNode = FALSE
	EndGlobalSection
	GlobalSection(ExtensibilityGlobals) = postSolution
		SolutionGuid = {04043E64-571C-4DDF-907D-0A6CB74E37CA}
	EndGlobalSection
EndGlobal
